
Microsoft Visual Studio Solution File, Format Version 12.00
# Visual Studio Version 17
VisualStudioVersion = 17.0.31903.59
MinimumVisualStudioVersion = 10.0.40219.1
Project("{2150E333-8FDC-42A3-9474-1A3956D46DE8}") = "Application", "Application", "{32E0A735-5A44-493F-A549-C128A2085136}"
EndProject
Project("{2150E333-8FDC-42A3-9474-1A3956D46DE8}") = "Domain", "Domain", "{145F5387-F895-4373-AC5C-6B24E0F972DD}"
EndProject
Project("{2150E333-8FDC-42A3-9474-1A3956D46DE8}") = "Infra.Data", "Infra.Data", "{CC40D553-BC16-42BC-9AFF-0FA2BCB34FE4}"
EndProject
Project("{2150E333-8FDC-42A3-9474-1A3956D46DE8}") = "Infra.IOC", "Infra.IOC", "{A53FD6D8-318E-4DCE-BD97-D657CEFE38B5}"
EndProject
Project("{9A19103F-16F7-4668-BE54-9A1E7A4F7556}") = "Application", "Application\Application.csproj", "{C49E30B5-B3B1-4469-8776-EE23564B725A}"
EndProject
Project("{9A19103F-16F7-4668-BE54-9A1E7A4F7556}") = "Domain", "Domain\Domain.csproj", "{8D2FFC24-1B12-43CB-AD7C-1541E5F89872}"
EndProject
Project("{9A19103F-16F7-4668-BE54-9A1E7A4F7556}") = "Infra.Data", "Infra.Data\Infra.Data.csproj", "{335165C7-97EA-40AF-92AF-69E77CC46CAE}"
EndProject
Project("{9A19103F-16F7-4668-BE54-9A1E7A4F7556}") = "Infra.IOC", "Infra.IOC\Infra.IOC.csproj", "{E6BD886B-E082-4BF7-8B0F-238389A9EB7B}"
EndProject
Project("{2150E333-8FDC-42A3-9474-1A3956D46DE8}") = "Presentation", "Presentation", "{FAE90C0A-E910-40CF-8FD9-F70DE1D473A8}"
EndProject
Project("{FAE04EC0-301F-11D3-BF4B-00C04F79EFBC}") = "Monitor", "Monitor\Monitor.csproj", "{D701C067-F967-4FC6-838F-32D1E3763483}"
EndProject
Project("{2150E333-8FDC-42A3-9474-1A3956D46DE8}") = "FrameWork", "FrameWork", "{E0D61747-3B3D-41D0-AF48-7B172F075054}"
EndProject
Project("{FAE04EC0-301F-11D3-BF4B-00C04F79EFBC}") = "FrameWork", "FrameWork\FrameWork\FrameWork.csproj", "{0B45C89E-6727-455B-B9E8-023797B993B5}"
EndProject
Project("{FAE04EC0-301F-11D3-BF4B-00C04F79EFBC}") = "Logger.Serilog", "FrameWork\Logger.Serilog\Logger.Serilog.csproj", "{58B89933-DE50-499A-8967-DBBA45C53730}"
EndProject
Global
	GlobalSection(SolutionConfigurationPlatforms) = preSolution
		Debug|Any CPU = Debug|Any CPU
		Release|Any CPU = Release|Any CPU
	EndGlobalSection
	GlobalSection(ProjectConfigurationPlatforms) = postSolution
		{C49E30B5-B3B1-4469-8776-EE23564B725A}.Debug|Any CPU.ActiveCfg = Debug|Any CPU
		{C49E30B5-B3B1-4469-8776-EE23564B725A}.Debug|Any CPU.Build.0 = Debug|Any CPU
		{C49E30B5-B3B1-4469-8776-EE23564B725A}.Release|Any CPU.ActiveCfg = Release|Any CPU
		{C49E30B5-B3B1-4469-8776-EE23564B725A}.Release|Any CPU.Build.0 = Release|Any CPU
		{8D2FFC24-1B12-43CB-AD7C-1541E5F89872}.Debug|Any CPU.ActiveCfg = Debug|Any CPU
		{8D2FFC24-1B12-43CB-AD7C-1541E5F89872}.Debug|Any CPU.Build.0 = Debug|Any CPU
		{8D2FFC24-1B12-43CB-AD7C-1541E5F89872}.Release|Any CPU.ActiveCfg = Release|Any CPU
		{8D2FFC24-1B12-43CB-AD7C-1541E5F89872}.Release|Any CPU.Build.0 = Release|Any CPU
		{335165C7-97EA-40AF-92AF-69E77CC46CAE}.Debug|Any CPU.ActiveCfg = Debug|Any CPU
		{335165C7-97EA-40AF-92AF-69E77CC46CAE}.Debug|Any CPU.Build.0 = Debug|Any CPU
		{335165C7-97EA-40AF-92AF-69E77CC46CAE}.Release|Any CPU.ActiveCfg = Release|Any CPU
		{335165C7-97EA-40AF-92AF-69E77CC46CAE}.Release|Any CPU.Build.0 = Release|Any CPU
		{E6BD886B-E082-4BF7-8B0F-238389A9EB7B}.Debug|Any CPU.ActiveCfg = Debug|Any CPU
		{E6BD886B-E082-4BF7-8B0F-238389A9EB7B}.Debug|Any CPU.Build.0 = Debug|Any CPU
		{E6BD886B-E082-4BF7-8B0F-238389A9EB7B}.Release|Any CPU.ActiveCfg = Release|Any CPU
		{E6BD886B-E082-4BF7-8B0F-238389A9EB7B}.Release|Any CPU.Build.0 = Release|Any CPU
		{D701C067-F967-4FC6-838F-32D1E3763483}.Debug|Any CPU.ActiveCfg = Debug|Any CPU
		{D701C067-F967-4FC6-838F-32D1E3763483}.Debug|Any CPU.Build.0 = Debug|Any CPU
		{D701C067-F967-4FC6-838F-32D1E3763483}.Release|Any CPU.ActiveCfg = Release|Any CPU
		{D701C067-F967-4FC6-838F-32D1E3763483}.Release|Any CPU.Build.0 = Release|Any CPU
		{0B45C89E-6727-455B-B9E8-023797B993B5}.Debug|Any CPU.ActiveCfg = Debug|Any CPU
		{0B45C89E-6727-455B-B9E8-023797B993B5}.Debug|Any CPU.Build.0 = Debug|Any CPU
		{0B45C89E-6727-455B-B9E8-023797B993B5}.Release|Any CPU.ActiveCfg = Release|Any CPU
		{0B45C89E-6727-455B-B9E8-023797B993B5}.Release|Any CPU.Build.0 = Release|Any CPU
		{58B89933-DE50-499A-8967-DBBA45C53730}.Debug|Any CPU.ActiveCfg = Debug|Any CPU
		{58B89933-DE50-499A-8967-DBBA45C53730}.Debug|Any CPU.Build.0 = Debug|Any CPU
		{58B89933-DE50-499A-8967-DBBA45C53730}.Release|Any CPU.ActiveCfg = Release|Any CPU
		{58B89933-DE50-499A-8967-DBBA45C53730}.Release|Any CPU.Build.0 = Release|Any CPU
	EndGlobalSection
	GlobalSection(SolutionProperties) = preSolution
		HideSolutionNode = FALSE
	EndGlobalSection
	GlobalSection(NestedProjects) = preSolution
		{C49E30B5-B3B1-4469-8776-EE23564B725A} = {32E0A735-5A44-493F-A549-C128A2085136}
		{8D2FFC24-1B12-43CB-AD7C-1541E5F89872} = {145F5387-F895-4373-AC5C-6B24E0F972DD}
		{335165C7-97EA-40AF-92AF-69E77CC46CAE} = {CC40D553-BC16-42BC-9AFF-0FA2BCB34FE4}
		{E6BD886B-E082-4BF7-8B0F-238389A9EB7B} = {A53FD6D8-318E-4DCE-BD97-D657CEFE38B5}
		{D701C067-F967-4FC6-838F-32D1E3763483} = {FAE90C0A-E910-40CF-8FD9-F70DE1D473A8}
		{0B45C89E-6727-455B-B9E8-023797B993B5} = {E0D61747-3B3D-41D0-AF48-7B172F075054}
		{58B89933-DE50-499A-8967-DBBA45C53730} = {E0D61747-3B3D-41D0-AF48-7B172F075054}
	EndGlobalSection
	GlobalSection(ExtensibilityGlobals) = postSolution
		SolutionGuid = {651A2BD8-8A9E-4845-95ED-1015600B7B73}
	EndGlobalSection
EndGlobal
